
Microsoft Visual Studio Solution File, Format Version 12.00
# Visual Studio Version 17
VisualStudioVersion = 17.8.34525.116
MinimumVisualStudioVersion = 10.0.40219.1
Project("{FAE04EC0-301F-11D3-BF4B-00C04F79EFBC}") = "linear_search", "linear_search\linear_search.csproj", "{491ABA9E-9DD8-4C00-8833-CA90953CED9B}"
EndProject
Global
	GlobalSection(SolutionConfigurationPlatforms) = preSolution
		Debug|Any CPU = Debug|Any CPU
		Release|Any CPU = Release|Any CPU
	EndGlobalSection
	GlobalSection(ProjectConfigurationPlatforms) = postSolution
		{491ABA9E-9DD8-4C00-8833-CA90953CED9B}.Debug|Any CPU.ActiveCfg = Debug|Any CPU
		{491ABA9E-9DD8-4C00-8833-CA90953CED9B}.Debug|Any CPU.Build.0 = Debug|Any CPU
		{491ABA9E-9DD8-4C00-8833-CA90953CED9B}.Release|Any CPU.ActiveCfg = Release|Any CPU
		{491ABA9E-9DD8-4C00-8833-CA90953CED9B}.Release|Any CPU.Build.0 = Release|Any CPU
	EndGlobalSection
	GlobalSection(SolutionProperties) = preSolution
		HideSolutionNode = FALSE
	EndGlobalSection
	GlobalSection(ExtensibilityGlobals) = postSolution
		SolutionGuid = {395B8B3A-CE2D-4327-A420-BD0B68C0859A}
	EndGlobalSection
EndGlobal
